{
  "name": "test-tui",
  "version": "1.0.0",
  "lockfileVersion": 3,
  "requires": true,
  "packages": {
    "": {
      "name": "test-tui",
      "version": "1.0.0",
      "license": "ISC",
      "devDependencies": {
        "@playwright/test": "^1.56.0",
        "playwright": "^1.56.0",
        "playwright-terminal": "^0.0.4"
      }
    },
    "node_modules/@playwright/test": {
      "version": "1.56.0",
      "resolved": "https://registry.npmjs.org/@playwright/test/-/test-1.56.0.tgz",
      "integrity": "sha512-Tzh95Twig7hUwwNe381/K3PggZBZblKUe2wv25oIpzWLr6Z0m4KgV1ZVIjnR6GM9ANEqjZD7XsZEa6JL/7YEgg==",
      "dev": true,
      "license": "Apache-2.0",
      "dependencies": {
        "playwright": "1.56.0"
      },
      "bin": {
        "playwright": "cli.js"
      },
      "engines": {
        "node": ">=18"
      }
    },
    "node_modules/ansi_up": {
      "version": "5.2.1",
      "resolved": "https://registry.npmjs.org/ansi_up/-/ansi_up-5.2.1.tgz",
      "integrity": "sha512-5bz5T/7FRmlxA37zDXhG6cAwlcZtfnmNLDJra66EEIT3kYlw5aPJdbkJEhm59D6kA4Wi5ict6u6IDYHJaQlH+g==",
      "dev": true,
      "license": "MIT",
      "engines": {
        "node": "*"
      }
    },
    "node_modules/fsevents": {
      "version": "2.3.2",
      "resolved": "https://registry.npmjs.org/fsevents/-/fsevents-2.3.2.tgz",
      "integrity": "sha512-xiqMQR4xAeHTuB9uWm+fFRcIOgKBMiOBP+eXiyT7jsgVCq1bkVygt00oASowB7EdtpOHaaPgKt812P9ab+DDKA==",
      "dev": true,
      "hasInstallScript": true,
      "license": "MIT",
      "optional": true,
      "os": [
        "darwin"
      ],
      "engines": {
        "node": "^8.16.0 || ^10.6.0 || >=11.0.0"
      }
    },
    "node_modules/nan": {
      "version": "2.23.0",
      "resolved": "https://registry.npmjs.org/nan/-/nan-2.23.0.tgz",
      "integrity": "sha512-1UxuyYGdoQHcGg87Lkqm3FzefucTa0NAiOcuRsDmysep3c1LVCRK2krrUDafMWtjSG04htvAmvg96+SDknOmgQ==",
      "dev": true,
      "license": "MIT"
    },
    "node_modules/node-pty": {
      "version": "0.10.1",
      "resolved": "https://registry.npmjs.org/node-pty/-/node-pty-0.10.1.tgz",
      "integrity": "sha512-JTdtUS0Im/yRsWJSx7yiW9rtpfmxqxolrtnyKwPLI+6XqTAPW/O2MjS8FYL4I5TsMbH2lVgDb2VMjp+9LoQGNg==",
      "dev": true,
      "hasInstallScript": true,
      "license": "MIT",
      "dependencies": {
        "nan": "^2.14.0"
      }
    },
    "node_modules/playwright": {
      "version": "1.56.0",
      "resolved": "https://registry.npmjs.org/playwright/-/playwright-1.56.0.tgz",
      "integrity": "sha512-X5Q1b8lOdWIE4KAoHpW3SE8HvUB+ZZsUoN64ZhjnN8dOb1UpujxBtENGiZFE+9F/yhzJwYa+ca3u43FeLbboHA==",
      "dev": true,
      "license": "Apache-2.0",
      "dependencies": {
        "playwright-core": "1.56.0"
      },
      "bin": {
        "playwright": "cli.js"
      },
      "engines": {
        "node": ">=18"
      },
      "optionalDependencies": {
        "fsevents": "2.3.2"
      }
    },
    "node_modules/playwright-core": {
      "version": "1.56.0",
      "resolved": "https://registry.npmjs.org/playwright-core/-/playwright-core-1.56.0.tgz",
      "integrity": "sha512-1SXl7pMfemAMSDn5rkPeZljxOCYAmQnYLBTExuh6E8USHXGSX3dx6lYZN/xPpTz1vimXmPA9CDnILvmJaB8aSQ==",
      "dev": true,
      "license": "Apache-2.0",
      "bin": {
        "playwright-core": "cli.js"
      },
      "engines": {
        "node": ">=18"
      }
    },
    "node_modules/playwright-terminal": {
      "version": "0.0.4",
      "resolved": "https://registry.npmjs.org/playwright-terminal/-/playwright-terminal-0.0.4.tgz",
      "integrity": "sha512-TrsKy7H2Pr6LiTcz3VUdIqkKPP78v9Vb2ZcL4zdk19eSFwuOMSjcadqHy/ic3ddzT4pMYfoq5t1ZitN//s7zyQ==",
      "dev": true,
      "license": "MIT",
      "dependencies": {
        "ansi_up": "^5.1.0",
        "node-pty": "^0.10.1",
        "xterm": "^4.16.0",
        "xterm-addon-fit": "^0.5.0"
      }
    },
    "node_modules/xterm": {
      "version": "4.19.0",
      "resolved": "https://registry.npmjs.org/xterm/-/xterm-4.19.0.tgz",
      "integrity": "sha512-c3Cp4eOVsYY5Q839dR5IejghRPpxciGmLWWaP9g+ppfMeBChMeLa1DCA+pmX/jyDZ+zxFOmlJL/82qVdayVoGQ==",
      "deprecated": "This package is now deprecated. Move to @xterm/xterm instead.",
      "dev": true,
      "license": "MIT"
    },
    "node_modules/xterm-addon-fit": {
      "version": "0.5.0",
      "resolved": "https://registry.npmjs.org/xterm-addon-fit/-/xterm-addon-fit-0.5.0.tgz",
      "integrity": "sha512-DsS9fqhXHacEmsPxBJZvfj2la30Iz9xk+UKjhQgnYNkrUIN5CYLbw7WEfz117c7+S86S/tpHPfvNxJsF5/G8wQ==",
      "deprecated": "This package is now deprecated. Move to @xterm/addon-fit instead.",
      "dev": true,
      "license": "MIT",
      "peerDependencies": {
        "xterm": "^4.0.0"
      }
    }
  }
}
